{
  "name": "client",
  "version": "1.0.0",
  "lockfileVersion": 3,
  "requires": true,
  "packages": {
    "": {
      "name": "client",
      "version": "1.0.0",
      "license": "ISC",
      "dependencies": {
        "readline": "^1.3.0",
        "ws": "^8.13.0"
      },
      "devDependencies": {
        "@types/node": "^20.4.4",
        "typescript": "^5.1.6"
      }
    },
    "node_modules/@types/node": {
      "version": "20.4.4",
      "resolved": "https://registry.npmjs.org/@types/node/-/node-20.4.4.tgz",
      "integrity": "sha512-CukZhumInROvLq3+b5gLev+vgpsIqC2D0deQr/yS1WnxvmYLlJXZpaQrQiseMY+6xusl79E04UjWoqyr+t1/Ew==",
      "dev": true
    },
    "node_modules/readline": {
      "version": "1.3.0",
      "resolved": "https://registry.npmjs.org/readline/-/readline-1.3.0.tgz",
      "integrity": "sha512-k2d6ACCkiNYz222Fs/iNze30rRJ1iIicW7JuX/7/cozvih6YCkFZH+J6mAFDVgv0dRBaAyr4jDqC95R2y4IADg=="
    },
    "node_modules/typescript": {
      "version": "5.1.6",
      "resolved": "https://registry.npmjs.org/typescript/-/typescript-5.1.6.tgz",
      "integrity": "sha512-zaWCozRZ6DLEWAWFrVDz1H6FVXzUSfTy5FUMWsQlU8Ym5JP9eO4xkTIROFCQvhQf61z6O/G6ugw3SgAnvvm+HA==",
      "dev": true,
      "bin": {
        "tsc": "bin/tsc",
        "tsserver": "bin/tsserver"
      },
      "engines": {
        "node": ">=14.17"
      }
    },
    "node_modules/ws": {
      "version": "8.13.0",
      "resolved": "https://registry.npmjs.org/ws/-/ws-8.13.0.tgz",
      "integrity": "sha512-x9vcZYTrFPC7aSIbj7sRCYo7L/Xb8Iy+pW0ng0wt2vCJv7M9HOMy0UoN3rr+IFC7hb7vXoqS+P9ktyLLLhO+LA==",
      "engines": {
        "node": ">=10.0.0"
      },
      "peerDependencies": {
        "bufferutil": "^4.0.1",
        "utf-8-validate": ">=5.0.2"
      },
      "peerDependenciesMeta": {
        "bufferutil": {
          "optional": true
        },
        "utf-8-validate": {
          "optional": true
        }
      }
    }
  }
}
